
Microsoft Visual Studio Solution File, Format Version 12.00
# Visual Studio 2017
Project("{FAE04EC0-301F-11D3-BF4B-00C04F79EFBC}") = "BunnyBalance", "BunnyBalance.csproj", "{F7D40FA8-76B3-6F3D-3203-2A514C5EC50B}"
EndProject
Global
	GlobalSection(SolutionConfigurationPlatforms) = preSolution
		Debug|Any CPU = Debug|Any CPU
		Release|Any CPU = Release|Any CPU
	EndGlobalSection
	GlobalSection(ProjectConfigurationPlatforms) = postSolution
		{F7D40FA8-76B3-6F3D-3203-2A514C5EC50B}.Debug|Any CPU.ActiveCfg = Debug|Any CPU
		{F7D40FA8-76B3-6F3D-3203-2A514C5EC50B}.Debug|Any CPU.Build.0 = Debug|Any CPU
		{F7D40FA8-76B3-6F3D-3203-2A514C5EC50B}.Release|Any CPU.ActiveCfg = Release|Any CPU
		{F7D40FA8-76B3-6F3D-3203-2A514C5EC50B}.Release|Any CPU.Build.0 = Release|Any CPU
	EndGlobalSection
	GlobalSection(SolutionProperties) = preSolution
		HideSolutionNode = FALSE
	EndGlobalSection
EndGlobal
